Microsoft Visual Studio Solution File, Format Version 11.00
# Visual Studio 2008

Project("{85C7AA18-EDC0-72C7-223A-C9A4435A80D6}") = "SeriousRunnerMobileSwipeTest", "Assembly-CSharp-firstpass.csproj", "{667113D7-B66F-CF65-C71A-CBF2AC855A9E}"
EndProject
Project("{85C7AA18-EDC0-72C7-223A-C9A4435A80D6}") = "SeriousRunnerMobileSwipeTest", "Assembly-CSharp.csproj", "{40D2F501-2F27-46A6-6E12-A729C48ADCA4}"
EndProject
Global
	GlobalSection(SolutionConfigurationPlatforms) = preSolution
		Debug|Any CPU = Debug|Any CPU
		Release|Any CPU = Release|Any CPU
	EndGlobalSection
	GlobalSection(ProjectConfigurationPlatforms) = postSolution
		{667113D7-B66F-CF65-C71A-CBF2AC855A9E}.Debug|Any CPU.ActiveCfg = Debug|Any CPU
		{667113D7-B66F-CF65-C71A-CBF2AC855A9E}.Debug|Any CPU.Build.0 = Debug|Any CPU
		{667113D7-B66F-CF65-C71A-CBF2AC855A9E}.Release|Any CPU.ActiveCfg = Release|Any CPU
		{667113D7-B66F-CF65-C71A-CBF2AC855A9E}.Release|Any CPU.Build.0 = Release|Any CPU
		{40D2F501-2F27-46A6-6E12-A729C48ADCA4}.Debug|Any CPU.ActiveCfg = Debug|Any CPU
		{40D2F501-2F27-46A6-6E12-A729C48ADCA4}.Debug|Any CPU.Build.0 = Debug|Any CPU
		{40D2F501-2F27-46A6-6E12-A729C48ADCA4}.Release|Any CPU.ActiveCfg = Release|Any CPU
		{40D2F501-2F27-46A6-6E12-A729C48ADCA4}.Release|Any CPU.Build.0 = Release|Any CPU
	EndGlobalSection
	GlobalSection(SolutionProperties) = preSolution
		HideSolutionNode = FALSE
	EndGlobalSection
	GlobalSection(MonoDevelopProperties) = preSolution
		StartupItem = Assembly-CSharp.csproj
	EndGlobalSection
EndGlobal
